
Microsoft Visual Studio Solution File, Format Version 12.00
Project("{2150E333-8FDC-42A3-9474-1A3956D46DE8}") = "Domin", "Domin", "{87889643-4203-4319-99D4-A37070A5F59F}"
EndProject
Project("{2150E333-8FDC-42A3-9474-1A3956D46DE8}") = "Src", "Src", "{55157589-6E40-46C3-8819-B3CBF32D49CC}"
EndProject
Project("{FAE04EC0-301F-11D3-BF4B-00C04F79EFBC}") = "Domin", "src\Domin\Domin.csproj", "{D4177ED6-FD8F-41D7-BD91-4FE711151A52}"
EndProject
Project("{2150E333-8FDC-42A3-9474-1A3956D46DE8}") = "Application", "Application", "{E7CAAB63-C940-4A3D-8CE1-D113B5DA4E27}"
EndProject
Project("{FAE04EC0-301F-11D3-BF4B-00C04F79EFBC}") = "Application", "src\Application\Application.csproj", "{F0B38F1E-0F9C-4B78-A495-EB1A0B7AC28D}"
EndProject
Project("{2150E333-8FDC-42A3-9474-1A3956D46DE8}") = "Infrastructure", "Infrastructure", "{E6CF18D6-5CB7-4AA5-80D9-9B84D4C3A298}"
EndProject
Project("{FAE04EC0-301F-11D3-BF4B-00C04F79EFBC}") = "Infrastructure", "src\Infrastructure\Infrastructure.csproj", "{4E5261FA-A28B-4F3B-8438-AFB3B176119E}"
EndProject
Project("{2150E333-8FDC-42A3-9474-1A3956D46DE8}") = "presentation", "presentation", "{15CC41FA-1B1B-47FB-ADEA-2596D757751F}"
EndProject
Project("{FAE04EC0-301F-11D3-BF4B-00C04F79EFBC}") = "ApiToDoList", "src\ApiToDoList\ApiToDoList.csproj", "{83CB9AD6-EAB8-4728-904A-A2AD696D2788}"
EndProject
Global
	GlobalSection(SolutionConfigurationPlatforms) = preSolution
		Debug|Any CPU = Debug|Any CPU
		Release|Any CPU = Release|Any CPU
	EndGlobalSection
	GlobalSection(NestedProjects) = preSolution
		{87889643-4203-4319-99D4-A37070A5F59F} = {55157589-6E40-46C3-8819-B3CBF32D49CC}
		{D4177ED6-FD8F-41D7-BD91-4FE711151A52} = {87889643-4203-4319-99D4-A37070A5F59F}
		{E7CAAB63-C940-4A3D-8CE1-D113B5DA4E27} = {55157589-6E40-46C3-8819-B3CBF32D49CC}
		{F0B38F1E-0F9C-4B78-A495-EB1A0B7AC28D} = {E7CAAB63-C940-4A3D-8CE1-D113B5DA4E27}
		{E6CF18D6-5CB7-4AA5-80D9-9B84D4C3A298} = {55157589-6E40-46C3-8819-B3CBF32D49CC}
		{4E5261FA-A28B-4F3B-8438-AFB3B176119E} = {E6CF18D6-5CB7-4AA5-80D9-9B84D4C3A298}
		{15CC41FA-1B1B-47FB-ADEA-2596D757751F} = {55157589-6E40-46C3-8819-B3CBF32D49CC}
		{83CB9AD6-EAB8-4728-904A-A2AD696D2788} = {15CC41FA-1B1B-47FB-ADEA-2596D757751F}
	EndGlobalSection
	GlobalSection(ProjectConfigurationPlatforms) = postSolution
		{D4177ED6-FD8F-41D7-BD91-4FE711151A52}.Debug|Any CPU.ActiveCfg = Debug|Any CPU
		{D4177ED6-FD8F-41D7-BD91-4FE711151A52}.Debug|Any CPU.Build.0 = Debug|Any CPU
		{D4177ED6-FD8F-41D7-BD91-4FE711151A52}.Release|Any CPU.ActiveCfg = Release|Any CPU
		{D4177ED6-FD8F-41D7-BD91-4FE711151A52}.Release|Any CPU.Build.0 = Release|Any CPU
		{F0B38F1E-0F9C-4B78-A495-EB1A0B7AC28D}.Debug|Any CPU.ActiveCfg = Debug|Any CPU
		{F0B38F1E-0F9C-4B78-A495-EB1A0B7AC28D}.Debug|Any CPU.Build.0 = Debug|Any CPU
		{F0B38F1E-0F9C-4B78-A495-EB1A0B7AC28D}.Release|Any CPU.ActiveCfg = Release|Any CPU
		{F0B38F1E-0F9C-4B78-A495-EB1A0B7AC28D}.Release|Any CPU.Build.0 = Release|Any CPU
		{4E5261FA-A28B-4F3B-8438-AFB3B176119E}.Debug|Any CPU.ActiveCfg = Debug|Any CPU
		{4E5261FA-A28B-4F3B-8438-AFB3B176119E}.Debug|Any CPU.Build.0 = Debug|Any CPU
		{4E5261FA-A28B-4F3B-8438-AFB3B176119E}.Release|Any CPU.ActiveCfg = Release|Any CPU
		{4E5261FA-A28B-4F3B-8438-AFB3B176119E}.Release|Any CPU.Build.0 = Release|Any CPU
		{83CB9AD6-EAB8-4728-904A-A2AD696D2788}.Debug|Any CPU.ActiveCfg = Debug|Any CPU
		{83CB9AD6-EAB8-4728-904A-A2AD696D2788}.Debug|Any CPU.Build.0 = Debug|Any CPU
		{83CB9AD6-EAB8-4728-904A-A2AD696D2788}.Release|Any CPU.ActiveCfg = Release|Any CPU
		{83CB9AD6-EAB8-4728-904A-A2AD696D2788}.Release|Any CPU.Build.0 = Release|Any CPU
	EndGlobalSection
EndGlobal
